
Microsoft Visual Studio Solution File, Format Version 12.00
# Visual Studio 15
VisualStudioVersion = 15.0.26730.10
MinimumVisualStudioVersion = 10.0.40219.1
Project("{FAE04EC0-301F-11D3-BF4B-00C04F79EFBC}") = "4.13", "4.13\4.13.csproj", "{C1586945-DC75-4F57-BE39-165E6213A1CF}"
EndProject
Global
	GlobalSection(SolutionConfigurationPlatforms) = preSolution
		Debug|Any CPU = Debug|Any CPU
		Release|Any CPU = Release|Any CPU
	EndGlobalSection
	GlobalSection(ProjectConfigurationPlatforms) = postSolution
		{C1586945-DC75-4F57-BE39-165E6213A1CF}.Debug|Any CPU.ActiveCfg = Debug|Any CPU
		{C1586945-DC75-4F57-BE39-165E6213A1CF}.Debug|Any CPU.Build.0 = Debug|Any CPU
		{C1586945-DC75-4F57-BE39-165E6213A1CF}.Release|Any CPU.ActiveCfg = Release|Any CPU
		{C1586945-DC75-4F57-BE39-165E6213A1CF}.Release|Any CPU.Build.0 = Release|Any CPU
	EndGlobalSection
	GlobalSection(SolutionProperties) = preSolution
		HideSolutionNode = FALSE
	EndGlobalSection
	GlobalSection(ExtensibilityGlobals) = postSolution
		SolutionGuid = {41B006A8-7586-4C47-83D1-4728363B78AA}
	EndGlobalSection
EndGlobal
